github.com/EugeneGpil/getFormattedUrls v0.1.0 h1:1lvL6rfRJY8xU0DQrypaHbdUgN/b6ACl5SXMf58sKIQ=
github.com/EugeneGpil/getFormattedUrls v0.1.0/go.mod h1:qe8oqvDy0EDAb8prx4cdJGVxHT5L6+kotLjmqb+/w24=
github.com/EugeneGpil/responseWriter v0.0.1 h1:xgBZWdH/vLm3rRvSZ1mYR0PrrA3U7xO0aE1l9rZ9oxE=
github.com/EugeneGpil/responseWriter v0.0.1/go.mod h1:G46dIm82OGMuCeaeNugtYJNL9daCnrldHE9cLiz/Qc8=
github.com/EugeneGpil/router v0.0.5 h1:3Ph1SRrDq1M8B1ytXEUdtzK5QZaYK27MJ6XD2D8eFAE=
github.com/EugeneGpil/router v0.0.5/go.mod h1:dj5RayQXtYjZc3XRea4NlDofcgAzppGn+85TxlB6pgE=
github.com/EugeneGpil/tester v0.0.4 h1:UI0fGoJxo5QM8B1620Dv5nUTm6I6ICRK380Sq/r+9ag=
github.com/EugeneGpil/tester v0.0.4/go.mod h1:NMXHQcI+RHH36zBbS4AswGnHXvan8Lms89uW+gfYfzo=
